
Microsoft Visual Studio Solution File, Format Version 12.00
# Visual Studio Version 16
VisualStudioVersion = 16.0.29306.81
MinimumVisualStudioVersion = 10.0.40219.1
Project("{FAE04EC0-301F-11D3-BF4B-00C04F79EFBC}") = "Random Features", "LabQoL\Random Features.csproj", "{C496AC39-F502-4F1A-B5DA-3EEA031E87D5}"
EndProject
Project("{FAE04EC0-301F-11D3-BF4B-00C04F79EFBC}") = "Core", "..\..\ExileApi\Core\Core.csproj", "{5539D732-34A7-44AB-9E28-116C3429B12A}"
EndProject
Project("{FAE04EC0-301F-11D3-BF4B-00C04F79EFBC}") = "GameOffsets", "..\..\ExileApi\GameOffsets\GameOffsets.csproj", "{38084BC9-079D-487E-B774-D2F407DC8389}"
EndProject
Project("{FAE04EC0-301F-11D3-BF4B-00C04F79EFBC}") = "MinimapIcons", "..\..\ExileApiPlugins\MinimapIcons\MinimapIcons.csproj", "{1AE459C5-308A-4A4E-95E3-4A87C57D2087}"
EndProject
Global
	GlobalSection(SolutionConfigurationPlatforms) = preSolution
		Debug|Any CPU = Debug|Any CPU
		Debug|x64 = Debug|x64
		Release|Any CPU = Release|Any CPU
		Release|x64 = Release|x64
	EndGlobalSection
	GlobalSection(ProjectConfigurationPlatforms) = postSolution
		{C496AC39-F502-4F1A-B5DA-3EEA031E87D5}.Debug|Any CPU.ActiveCfg = Debug|Any CPU
		{C496AC39-F502-4F1A-B5DA-3EEA031E87D5}.Debug|Any CPU.Build.0 = Debug|Any CPU
		{C496AC39-F502-4F1A-B5DA-3EEA031E87D5}.Debug|x64.ActiveCfg = Debug|Any CPU
		{C496AC39-F502-4F1A-B5DA-3EEA031E87D5}.Debug|x64.Build.0 = Debug|Any CPU
		{C496AC39-F502-4F1A-B5DA-3EEA031E87D5}.Release|Any CPU.ActiveCfg = Release|Any CPU
		{C496AC39-F502-4F1A-B5DA-3EEA031E87D5}.Release|Any CPU.Build.0 = Release|Any CPU
		{C496AC39-F502-4F1A-B5DA-3EEA031E87D5}.Release|x64.ActiveCfg = Release|Any CPU
		{C496AC39-F502-4F1A-B5DA-3EEA031E87D5}.Release|x64.Build.0 = Release|Any CPU
		{5539D732-34A7-44AB-9E28-116C3429B12A}.Debug|Any CPU.ActiveCfg = Debug|Any CPU
		{5539D732-34A7-44AB-9E28-116C3429B12A}.Debug|Any CPU.Build.0 = Debug|Any CPU
		{5539D732-34A7-44AB-9E28-116C3429B12A}.Debug|x64.ActiveCfg = Debug|Any CPU
		{5539D732-34A7-44AB-9E28-116C3429B12A}.Debug|x64.Build.0 = Debug|Any CPU
		{5539D732-34A7-44AB-9E28-116C3429B12A}.Release|Any CPU.ActiveCfg = Release|Any CPU
		{5539D732-34A7-44AB-9E28-116C3429B12A}.Release|Any CPU.Build.0 = Release|Any CPU
		{5539D732-34A7-44AB-9E28-116C3429B12A}.Release|x64.ActiveCfg = Release|Any CPU
		{5539D732-34A7-44AB-9E28-116C3429B12A}.Release|x64.Build.0 = Release|Any CPU
		{38084BC9-079D-487E-B774-D2F407DC8389}.Debug|Any CPU.ActiveCfg = Debug|Any CPU
		{38084BC9-079D-487E-B774-D2F407DC8389}.Debug|Any CPU.Build.0 = Debug|Any CPU
		{38084BC9-079D-487E-B774-D2F407DC8389}.Debug|x64.ActiveCfg = Debug|Any CPU
		{38084BC9-079D-487E-B774-D2F407DC8389}.Debug|x64.Build.0 = Debug|Any CPU
		{38084BC9-079D-487E-B774-D2F407DC8389}.Release|Any CPU.ActiveCfg = Release|Any CPU
		{38084BC9-079D-487E-B774-D2F407DC8389}.Release|Any CPU.Build.0 = Release|Any CPU
		{38084BC9-079D-487E-B774-D2F407DC8389}.Release|x64.ActiveCfg = Release|Any CPU
		{38084BC9-079D-487E-B774-D2F407DC8389}.Release|x64.Build.0 = Release|Any CPU
		{1AE459C5-308A-4A4E-95E3-4A87C57D2087}.Debug|Any CPU.ActiveCfg = Debug|Any CPU
		{1AE459C5-308A-4A4E-95E3-4A87C57D2087}.Debug|Any CPU.Build.0 = Debug|Any CPU
		{1AE459C5-308A-4A4E-95E3-4A87C57D2087}.Debug|x64.ActiveCfg = Debug|x64
		{1AE459C5-308A-4A4E-95E3-4A87C57D2087}.Debug|x64.Build.0 = Debug|x64
		{1AE459C5-308A-4A4E-95E3-4A87C57D2087}.Release|Any CPU.ActiveCfg = Release|Any CPU
		{1AE459C5-308A-4A4E-95E3-4A87C57D2087}.Release|Any CPU.Build.0 = Release|Any CPU
		{1AE459C5-308A-4A4E-95E3-4A87C57D2087}.Release|x64.ActiveCfg = Release|x64
		{1AE459C5-308A-4A4E-95E3-4A87C57D2087}.Release|x64.Build.0 = Release|x64
	EndGlobalSection
	GlobalSection(SolutionProperties) = preSolution
		HideSolutionNode = FALSE
	EndGlobalSection
	GlobalSection(ExtensibilityGlobals) = postSolution
		SolutionGuid = {CE00A8BD-C0C1-4563-8F7E-8BF453C26E43}
	EndGlobalSection
EndGlobal
